PODS:
  - Masonry (0.6.4)
  - UITableView+FDTemplateLayoutCell (1.5.beta)
  - YYKit (1.0.3):
    - YYKit/no-arc (= 1.0.3)
  - YYKit/no-arc (1.0.3)

DEPENDENCIES:
  - Masonry (~> 0.6.4)
  - UITableView+FDTemplateLayoutCell (~> 1.5.beta)
  - YYKit (~> 1.0.3)

SPEC CHECKSUMS:
  Masonry: 281802d04d787ea2973179ee8bcb50500579ede2
  UITableView+FDTemplateLayoutCell: 02b508ab1cb4cea16a8c17ac83d2cd1fd72124f9
  YYKit: fa66d61240458f14562c33c85c91d11131e43261

COCOAPODS: 0.39.0
