// !$*UTF8*$!
{
	archiveVersion = 1;
	classes = {
	};
	objectVersion = 46;
	objects = {

/* Begin PBXBuildFile section */
		6714E2921CB79B5B00BDD218 /* Icon@2x.png in Resources */ = {isa = PBXBuildFile; fileRef = 6714E28E1CB79B5B00BDD218 /* Icon@2x.png */; };
		6714E2931CB79B5B00BDD218 /* music1.json in Resources */ = {isa = PBXBuildFile; fileRef = 6714E28F1CB79B5B00BDD218 /* music1.json */; };
		6714E2941CB79B5B00BDD218 /* music2.json in Resources */ = {isa = PBXBuildFile; fileRef = 6714E2901CB79B5B00BDD218 /* music2.json */; };
		6714E2951CB79B5B00BDD218 /* watermask.png in Resources */ = {isa = PBXBuildFile; fileRef = 6714E2911CB79B5B00BDD218 /* watermask.png */; };
		6714E2A61CB79BC400BDD218 /* 1.mp4 in Resources */ = {isa = PBXBuildFile; fileRef = 6714E2961CB79BC400BDD218 /* 1.mp4 */; };
		6714E2A71CB79BC400BDD218 /* 4_circle_on@2x.png in Resources */ = {isa = PBXBuildFile; fileRef = 6714E2971CB79BC400BDD218 /* 4_circle_on@2x.png */; };
		6714E2A81CB79BC400BDD218 /* 4_circle.png in Resources */ = {isa = PBXBuildFile; fileRef = 6714E2981CB79BC400BDD218 /* 4_circle.png */; };
		6714E2A91CB79BC400BDD218 /* 4_circle@2x.png in Resources */ = {isa = PBXBuildFile; fileRef = 6714E2991CB79BC400BDD218 /* 4_circle@2x.png */; };
		6714E2AA1CB79BC400BDD218 /* Icon@2x.png in Resources */ = {isa = PBXBuildFile; fileRef = 6714E29A1CB79BC400BDD218 /* Icon@2x.png */; };
		6714E2AB1CB79BC400BDD218 /* keep_logo.png in Resources */ = {isa = PBXBuildFile; fileRef = 6714E29B1CB79BC400BDD218 /* keep_logo.png */; };
		6714E2AC1CB79BC400BDD218 /* keep_logo@2x.png in Resources */ = {isa = PBXBuildFile; fileRef = 6714E29C1CB79BC400BDD218 /* keep_logo@2x.png */; };
		6714E2AD1CB79BC400BDD218 /* keep_logo@3x.png in Resources */ = {isa = PBXBuildFile; fileRef = 6714E29D1CB79BC400BDD218 /* keep_logo@3x.png */; };
		6714E2AE1CB79BC400BDD218 /* keep5.png in Resources */ = {isa = PBXBuildFile; fileRef = 6714E29E1CB79BC400BDD218 /* keep5.png */; };
		6714E2AF1CB79BC400BDD218 /* keep5@2x.png in Resources */ = {isa = PBXBuildFile; fileRef = 6714E29F1CB79BC400BDD218 /* keep5@2x.png */; };
		6714E2B01CB79BC400BDD218 /* keep6.png in Resources */ = {isa = PBXBuildFile; fileRef = 6714E2A01CB79BC400BDD218 /* keep6.png */; };
		6714E2B11CB79BC400BDD218 /* keep6@2x.png in Resources */ = {isa = PBXBuildFile; fileRef = 6714E2A11CB79BC400BDD218 /* keep6@2x.png */; };
		6714E2B21CB79BC400BDD218 /* keep6plus@3x.png in Resources */ = {isa = PBXBuildFile; fileRef = 6714E2A21CB79BC400BDD218 /* keep6plus@3x.png */; };
		6714E2B31CB79BC400BDD218 /* keepkeep.png in Resources */ = {isa = PBXBuildFile; fileRef = 6714E2A31CB79BC400BDD218 /* keepkeep.png */; };
		6714E2B41CB79BC400BDD218 /* keepkeep@2x.png in Resources */ = {isa = PBXBuildFile; fileRef = 6714E2A41CB79BC400BDD218 /* keepkeep@2x.png */; };
		6714E2B51CB79BC400BDD218 /* keepkeep@3x.png in Resources */ = {isa = PBXBuildFile; fileRef = 6714E2A51CB79BC400BDD218 /* keepkeep@3x.png */; };
		6714E2B71CB79C5600BDD218 /* music in Resources */ = {isa = PBXBuildFile; fileRef = 6714E2B61CB79C5600BDD218 /* music */; };
		6726524B1CABAD3400920345 /* TestTableViewCell.m in Sources */ = {isa = PBXBuildFile; fileRef = 6726524A1CABAD3400920345 /* TestTableViewCell.m */; };
		672AC9061CB6021B00F090F6 /* OpenGLES.framework in Frameworks */ = {isa = PBXBuildFile; fileRef = 672AC9051CB6021B00F090F6 /* OpenGLES.framework */; };
		672AC9081CB6022100F090F6 /* QuartzCore.framework in Frameworks */ = {isa = PBXBuildFile; fileRef = 672AC9071CB6022100F090F6 /* QuartzCore.framework */; };
		672AC90A1CB6022E00F090F6 /* CoreVideo.framework in Frameworks */ = {isa = PBXBuildFile; fileRef = 672AC9091CB6022E00F090F6 /* CoreVideo.framework */; };
		672AC90C1CB6023700F090F6 /* AudioToolbox.framework in Frameworks */ = {isa = PBXBuildFile; fileRef = 672AC90B1CB6023700F090F6 /* AudioToolbox.framework */; };
		672AC90E1CB6024200F090F6 /* MobileCoreServices.framework in Frameworks */ = {isa = PBXBuildFile; fileRef = 672AC90D1CB6024200F090F6 /* MobileCoreServices.framework */; };
		672AC9101CB6024D00F090F6 /* CoreMedia.framework in Frameworks */ = {isa = PBXBuildFile; fileRef = 672AC90F1CB6024D00F090F6 /* CoreMedia.framework */; };
		672AC9121CB6025C00F090F6 /* Photos.framework in Frameworks */ = {isa = PBXBuildFile; fileRef = 672AC9111CB6025C00F090F6 /* Photos.framework */; };
		672AC9141CB6026400F090F6 /* CoreMotion.framework in Frameworks */ = {isa = PBXBuildFile; fileRef = 672AC9131CB6026400F090F6 /* CoreMotion.framework */; };
		672AC9161CB6026B00F090F6 /* CoreGraphics.framework in Frameworks */ = {isa = PBXBuildFile; fileRef = 672AC9151CB6026B00F090F6 /* CoreGraphics.framework */; };
		672AC9181CB6027400F090F6 /* AssetsLibrary.framework in Frameworks */ = {isa = PBXBuildFile; fileRef = 672AC9171CB6027400F090F6 /* AssetsLibrary.framework */; };
		672AC91C1CB6119900F090F6 /* UIKit.framework in Frameworks */ = {isa = PBXBuildFile; fileRef = 672AC91B1CB6119900F090F6 /* UIKit.framework */; };
		6745028A1CB502FF00D986F0 /* LoginViewController.m in Sources */ = {isa = PBXBuildFile; fileRef = 674502891CB502FF00D986F0 /* LoginViewController.m */; };
		6745028C1CB5053000D986F0 /* MediaPlayer.framework in Frameworks */ = {isa = PBXBuildFile; fileRef = 6745028B1CB5053000D986F0 /* MediaPlayer.framework */; };
		6745028E1CB5054000D986F0 /* AVFoundation.framework in Frameworks */ = {isa = PBXBuildFile; fileRef = 6745028D1CB5054000D986F0 /* AVFoundation.framework */; };
		674502901CB51F5A00D986F0 /* Images.xcassets in Resources */ = {isa = PBXBuildFile; fileRef = 6745028F1CB51F5A00D986F0 /* Images.xcassets */; };
		6754DA721CA916180019EEC3 /* DetailViewController.m in Sources */ = {isa = PBXBuildFile; fileRef = 6754DA711CA916180019EEC3 /* DetailViewController.m */; };
		675DF6001CB63E7F00609FE8 /* UIView+Debug.m in Sources */ = {isa = PBXBuildFile; fileRef = 675DF5FF1CB63E7F00609FE8 /* UIView+Debug.m */; };
		678538631CABCA7900EF2350 /* YYFPSLabel.m in Sources */ = {isa = PBXBuildFile; fileRef = 678538621CABCA7900EF2350 /* YYFPSLabel.m */; };
		67A943251CB637E200069165 /* ALBBFullSecurityGuard.framework in Frameworks */ = {isa = PBXBuildFile; fileRef = 67A9431C1CB637E200069165 /* ALBBFullSecurityGuard.framework */; };
		67A943261CB637E200069165 /* ALBBSDK.framework in Frameworks */ = {isa = PBXBuildFile; fileRef = 67A9431D1CB637E200069165 /* ALBBSDK.framework */; };
		67A943271CB637E200069165 /* baichuan.bundle in Resources */ = {isa = PBXBuildFile; fileRef = 67A9431E1CB637E200069165 /* baichuan.bundle */; };
		67A943281CB637E200069165 /* SecurityGuardSDK.framework in Frameworks */ = {isa = PBXBuildFile; fileRef = 67A9431F1CB637E200069165 /* SecurityGuardSDK.framework */; };
		67A943291CB637E200069165 /* SGMain.framework in Frameworks */ = {isa = PBXBuildFile; fileRef = 67A943201CB637E200069165 /* SGMain.framework */; };
		67A9432A1CB637E200069165 /* UTDID.framework in Frameworks */ = {isa = PBXBuildFile; fileRef = 67A943211CB637E200069165 /* UTDID.framework */; };
		67A9432B1CB637E200069165 /* UTMini.framework in Frameworks */ = {isa = PBXBuildFile; fileRef = 67A943221CB637E200069165 /* UTMini.framework */; };
		67A9432C1CB637E200069165 /* yw_1222.jpg in Resources */ = {isa = PBXBuildFile; fileRef = 67A943231CB637E200069165 /* yw_1222.jpg */; };
		67A9432D1CB637E200069165 /* ZipArchive.framework in Frameworks */ = {isa = PBXBuildFile; fileRef = 67A943241CB637E200069165 /* ZipArchive.framework */; };
		67A943301CB6384F00069165 /* ALBBQuPai.framework in Frameworks */ = {isa = PBXBuildFile; fileRef = 67A9432E1CB6384F00069165 /* ALBBQuPai.framework */; };
		67A943311CB6384F00069165 /* ALBBQuPaiPlugin.bundle in Resources */ = {isa = PBXBuildFile; fileRef = 67A9432F1CB6384F00069165 /* ALBBQuPaiPlugin.bundle */; };
		67AE62691C7AA46700AE3DC0 /* main.m in Sources */ = {isa = PBXBuildFile; fileRef = 67AE62681C7AA46700AE3DC0 /* main.m */; };
		67AE626C1C7AA46700AE3DC0 /* AppDelegate.m in Sources */ = {isa = PBXBuildFile; fileRef = 67AE626B1C7AA46700AE3DC0 /* AppDelegate.m */; };
		67AE626F1C7AA46700AE3DC0 /* RootViewController.m in Sources */ = {isa = PBXBuildFile; fileRef = 67AE626E1C7AA46700AE3DC0 /* RootViewController.m */; };
		67AE62721C7AA46700AE3DC0 /* Main.storyboard in Resources */ = {isa = PBXBuildFile; fileRef = 67AE62701C7AA46700AE3DC0 /* Main.storyboard */; };
		67AE62741C7AA46700AE3DC0 /* Assets.xcassets in Resources */ = {isa = PBXBuildFile; fileRef = 67AE62731C7AA46700AE3DC0 /* Assets.xcassets */; };
		67AE62771C7AA46700AE3DC0 /* LaunchScreen.storyboard in Resources */ = {isa = PBXBuildFile; fileRef = 67AE62751C7AA46700AE3DC0 /* LaunchScreen.storyboard */; };
		67AE62801C7AA9E300AE3DC0 /* PreviewViewController.m in Sources */ = {isa = PBXBuildFile; fileRef = 67AE627F1C7AA9E300AE3DC0 /* PreviewViewController.m */; };
		67F5401B1CACC683006A6D06 /* UIViewController+WMBase.m in Sources */ = {isa = PBXBuildFile; fileRef = 67F5401A1CACC683006A6D06 /* UIViewController+WMBase.m */; };
		67F5401E1CACC88D006A6D06 /* LKGlobalNavigationController.m in Sources */ = {isa = PBXBuildFile; fileRef = 67F5401D1CACC88D006A6D06 /* LKGlobalNavigationController.m */; };
		7632384E8346B7BB11A20334 /* libPods-3DTouchDemo.a in Frameworks */ = {isa = PBXBuildFile; fileRef = DFDE85813EFDDAF423E46045 /* libPods-3DTouchDemo.a */; };
/* End PBXBuildFile section */

/* Begin PBXFileReference section */
		0DFD56B10B27670D3231EF5D /* Pods-3DTouchDemo.debug.xcconfig */ = {isa = PBXFileReference; includeInIndex = 1; lastKnownFileType = text.xcconfig; name = "Pods-3DTouchDemo.debug.xcconfig"; path = "Pods/Target Support Files/Pods-3DTouchDemo/Pods-3DTouchDemo.debug.xcconfig"; sourceTree = "<group>"; };
		1D82F27F0CFA44D55188AA04 /* Pods-3DTouchDemo.release.xcconfig */ = {isa = PBXFileReference; includeInIndex = 1; lastKnownFileType = text.xcconfig; name = "Pods-3DTouchDemo.release.xcconfig"; path = "Pods/Target Support Files/Pods-3DTouchDemo/Pods-3DTouchDemo.release.xcconfig"; sourceTree = "<group>"; };
		6714E28E1CB79B5B00BDD218 /* Icon@2x.png */ = {isa = PBXFileReference; lastKnownFileType = image.png; path = "Icon@2x.png"; sourceTree = "<group>"; };
		6714E28F1CB79B5B00BDD218 /* music1.json */ = {isa = PBXFileReference; fileEncoding = 4; lastKnownFileType = text.json; path = music1.json; sourceTree = "<group>"; };
		6714E2901CB79B5B00BDD218 /* music2.json */ = {isa = PBXFileReference; fileEncoding = 4; lastKnownFileType = text.json; path = music2.json; sourceTree = "<group>"; };
		6714E2911CB79B5B00BDD218 /* watermask.png */ = {isa = PBXFileReference; lastKnownFileType = image.png; path = watermask.png; sourceTree = "<group>"; };
		6714E2961CB79BC400BDD218 /* 1.mp4 */ = {isa = PBXFileReference; lastKnownFileType = file; path = 1.mp4; sourceTree = "<group>"; };
		6714E2971CB79BC400BDD218 /* 4_circle_on@2x.png */ = {isa = PBXFileReference; lastKnownFileType = image.png; path = "4_circle_on@2x.png"; sourceTree = "<group>"; };
		6714E2981CB79BC400BDD218 /* 4_circle.png */ = {isa = PBXFileReference; lastKnownFileType = image.png; path = 4_circle.png; sourceTree = "<group>"; };
		6714E2991CB79BC400BDD218 /* 4_circle@2x.png */ = {isa = PBXFileReference; lastKnownFileType = image.png; path = "4_circle@2x.png"; sourceTree = "<group>"; };
		6714E29A1CB79BC400BDD218 /* Icon@2x.png */ = {isa = PBXFileReference; lastKnownFileType = image.png; path = "Icon@2x.png"; sourceTree = "<group>"; };
		6714E29B1CB79BC400BDD218 /* keep_logo.png */ = {isa = PBXFileReference; lastKnownFileType = image.png; path = keep_logo.png; sourceTree = "<group>"; };
		6714E29C1CB79BC400BDD218 /* keep_logo@2x.png */ = {isa = PBXFileReference; lastKnownFileType = image.png; path = "keep_logo@2x.png"; sourceTree = "<group>"; };
		6714E29D1CB79BC400BDD218 /* keep_logo@3x.png */ = {isa = PBXFileReference; lastKnownFileType = image.png; path = "keep_logo@3x.png"; sourceTree = "<group>"; };
		6714E29E1CB79BC400BDD218 /* keep5.png */ = {isa = PBXFileReference; lastKnownFileType = image.png; path = keep5.png; sourceTree = "<group>"; };
		6714E29F1CB79BC400BDD218 /* keep5@2x.png */ = {isa = PBXFileReference; lastKnownFileType = image.png; path = "keep5@2x.png"; sourceTree = "<group>"; };
		6714E2A01CB79BC400BDD218 /* keep6.png */ = {isa = PBXFileReference; lastKnownFileType = image.png; path = keep6.png; sourceTree = "<group>"; };
		6714E2A11CB79BC400BDD218 /* keep6@2x.png */ = {isa = PBXFileReference; lastKnownFileType = image.png; path = "keep6@2x.png"; sourceTree = "<group>"; };
		6714E2A21CB79BC400BDD218 /* keep6plus@3x.png */ = {isa = PBXFileReference; lastKnownFileType = image.png; path = "keep6plus@3x.png"; sourceTree = "<group>"; };
		6714E2A31CB79BC400BDD218 /* keepkeep.png */ = {isa = PBXFileReference; lastKnownFileType = image.png; path = keepkeep.png; sourceTree = "<group>"; };
		6714E2A41CB79BC400BDD218 /* keepkeep@2x.png */ = {isa = PBXFileReference; lastKnownFileType = image.png; path = "keepkeep@2x.png"; sourceTree = "<group>"; };
		6714E2A51CB79BC400BDD218 /* keepkeep@3x.png */ = {isa = PBXFileReference; lastKnownFileType = image.png; path = "keepkeep@3x.png"; sourceTree = "<group>"; };
		6714E2B61CB79C5600BDD218 /* music */ = {isa = PBXFileReference; lastKnownFileType = folder; path = music; sourceTree = "<group>"; };
		672652491CABAD3400920345 /* TestTableViewCell.h */ = {isa = PBXFileReference; fileEncoding = 4; lastKnownFileType = sourcecode.c.h; path = TestTableViewCell.h; sourceTree = "<group>"; };
		6726524A1CABAD3400920345 /* TestTableViewCell.m */ = {isa = PBXFileReference; fileEncoding = 4; lastKnownFileType = sourcecode.c.objc; path = TestTableViewCell.m; sourceTree = "<group>"; };
		672AC9051CB6021B00F090F6 /* OpenGLES.framework */ = {isa = PBXFileReference; lastKnownFileType = wrapper.framework; name = OpenGLES.framework; path = System/Library/Frameworks/OpenGLES.framework; sourceTree = SDKROOT; };
		672AC9071CB6022100F090F6 /* QuartzCore.framework */ = {isa = PBXFileReference; lastKnownFileType = wrapper.framework; name = QuartzCore.framework; path = System/Library/Frameworks/QuartzCore.framework; sourceTree = SDKROOT; };
		672AC9091CB6022E00F090F6 /* CoreVideo.framework */ = {isa = PBXFileReference; lastKnownFileType = wrapper.framework; name = CoreVideo.framework; path = System/Library/Frameworks/CoreVideo.framework; sourceTree = SDKROOT; };
		672AC90B1CB6023700F090F6 /* AudioToolbox.framework */ = {isa = PBXFileReference; lastKnownFileType = wrapper.framework; name = AudioToolbox.framework; path = System/Library/Frameworks/AudioToolbox.framework; sourceTree = SDKROOT; };
		672AC90D1CB6024200F090F6 /* MobileCoreServices.framework */ = {isa = PBXFileReference; lastKnownFileType = wrapper.framework; name = MobileCoreServices.framework; path = System/Library/Frameworks/MobileCoreServices.framework; sourceTree = SDKROOT; };
		672AC90F1CB6024D00F090F6 /* CoreMedia.framework */ = {isa = PBXFileReference; lastKnownFileType = wrapper.framework; name = CoreMedia.framework; path = System/Library/Frameworks/CoreMedia.framework; sourceTree = SDKROOT; };
		672AC9111CB6025C00F090F6 /* Photos.framework */ = {isa = PBXFileReference; lastKnownFileType = wrapper.framework; name = Photos.framework; path = System/Library/Frameworks/Photos.framework; sourceTree = SDKROOT; };
		672AC9131CB6026400F090F6 /* CoreMotion.framework */ = {isa = PBXFileReference; lastKnownFileType = wrapper.framework; name = CoreMotion.framework; path = System/Library/Frameworks/CoreMotion.framework; sourceTree = SDKROOT; };
		672AC9151CB6026B00F090F6 /* CoreGraphics.framework */ = {isa = PBXFileReference; lastKnownFileType = wrapper.framework; name = CoreGraphics.framework; path = System/Library/Frameworks/CoreGraphics.framework; sourceTree = SDKROOT; };
		672AC9171CB6027400F090F6 /* AssetsLibrary.framework */ = {isa = PBXFileReference; lastKnownFileType = wrapper.framework; name = AssetsLibrary.framework; path = System/Library/Frameworks/AssetsLibrary.framework; sourceTree = SDKROOT; };
		672AC91B1CB6119900F090F6 /* UIKit.framework */ = {isa = PBXFileReference; lastKnownFileType = wrapper.framework; name = UIKit.framework; path = System/Library/Frameworks/UIKit.framework; sourceTree = SDKROOT; };
		672AC91D1CB611BF00F090F6 /* Security.framework */ = {isa = PBXFileReference; lastKnownFileType = wrapper.framework; name = Security.framework; path = System/Library/Frameworks/Security.framework; sourceTree = SDKROOT; };
		674502881CB502FF00D986F0 /* LoginViewController.h */ = {isa = PBXFileReference; fileEncoding = 4; lastKnownFileType = sourcecode.c.h; path = LoginViewController.h; sourceTree = "<group>"; };
		674502891CB502FF00D986F0 /* LoginViewController.m */ = {isa = PBXFileReference; fileEncoding = 4; lastKnownFileType = sourcecode.c.objc; path = LoginViewController.m; sourceTree = "<group>"; };
		6745028B1CB5053000D986F0 /* MediaPlayer.framework */ = {isa = PBXFileReference; lastKnownFileType = wrapper.framework; name = MediaPlayer.framework; path = System/Library/Frameworks/MediaPlayer.framework; sourceTree = SDKROOT; };
		6745028D1CB5054000D986F0 /* AVFoundation.framework */ = {isa = PBXFileReference; lastKnownFileType = wrapper.framework; name = AVFoundation.framework; path = System/Library/Frameworks/AVFoundation.framework; sourceTree = SDKROOT; };
		6745028F1CB51F5A00D986F0 /* Images.xcassets */ = {isa = PBXFileReference; lastKnownFileType = folder.assetcatalog; path = Images.xcassets; sourceTree = "<group>"; };
		6754DA701CA916180019EEC3 /* DetailViewController.h */ = {isa = PBXFileReference; fileEncoding = 4; lastKnownFileType = sourcecode.c.h; path = DetailViewController.h; sourceTree = "<group>"; };
		6754DA711CA916180019EEC3 /* DetailViewController.m */ = {isa = PBXFileReference; fileEncoding = 4; lastKnownFileType = sourcecode.c.objc; path = DetailViewController.m; sourceTree = "<group>"; };
		675DF5FE1CB63E7F00609FE8 /* UIView+Debug.h */ = {isa = PBXFileReference; fileEncoding = 4; lastKnownFileType = sourcecode.c.h; path = "UIView+Debug.h"; sourceTree = "<group>"; };
		675DF5FF1CB63E7F00609FE8 /* UIView+Debug.m */ = {isa = PBXFileReference; fileEncoding = 4; lastKnownFileType = sourcecode.c.objc; path = "UIView+Debug.m"; sourceTree = "<group>"; };
		678538611CABCA7900EF2350 /* YYFPSLabel.h */ = {isa = PBXFileReference; fileEncoding = 4; lastKnownFileType = sourcecode.c.h; path = YYFPSLabel.h; sourceTree = "<group>"; };
		678538621CABCA7900EF2350 /* YYFPSLabel.m */ = {isa = PBXFileReference; fileEncoding = 4; lastKnownFileType = sourcecode.c.objc; path = YYFPSLabel.m; sourceTree = "<group>"; };
		67A9431C1CB637E200069165 /* ALBBFullSecurityGuard.framework */ = {isa = PBXFileReference; lastKnownFileType = wrapper.framework; path = ALBBFullSecurityGuard.framework; sourceTree = "<group>"; };
		67A9431D1CB637E200069165 /* ALBBSDK.framework */ = {isa = PBXFileReference; lastKnownFileType = wrapper.framework; path = ALBBSDK.framework; sourceTree = "<group>"; };
		67A9431E1CB637E200069165 /* baichuan.bundle */ = {isa = PBXFileReference; lastKnownFileType = "wrapper.plug-in"; path = baichuan.bundle; sourceTree = "<group>"; };
		67A9431F1CB637E200069165 /* SecurityGuardSDK.framework */ = {isa = PBXFileReference; lastKnownFileType = wrapper.framework; path = SecurityGuardSDK.framework; sourceTree = "<group>"; };
		67A943201CB637E200069165 /* SGMain.framework */ = {isa = PBXFileReference; lastKnownFileType = wrapper.framework; path = SGMain.framework; sourceTree = "<group>"; };
		67A943211CB637E200069165 /* UTDID.framework */ = {isa = PBXFileReference; lastKnownFileType = wrapper.framework; path = UTDID.framework; sourceTree = "<group>"; };
		67A943221CB637E200069165 /* UTMini.framework */ = {isa = PBXFileReference; lastKnownFileType = wrapper.framework; path = UTMini.framework; sourceTree = "<group>"; };
		67A943231CB637E200069165 /* yw_1222.jpg */ = {isa = PBXFileReference; lastKnownFileType = image.jpeg; path = yw_1222.jpg; sourceTree = "<group>"; };
		67A943241CB637E200069165 /* ZipArchive.framework */ = {isa = PBXFileReference; lastKnownFileType = wrapper.framework; path = ZipArchive.framework; sourceTree = "<group>"; };
		67A9432E1CB6384F00069165 /* ALBBQuPai.framework */ = {isa = PBXFileReference; lastKnownFileType = wrapper.framework; path = ALBBQuPai.framework; sourceTree = "<group>"; };
		67A9432F1CB6384F00069165 /* ALBBQuPaiPlugin.bundle */ = {isa = PBXFileReference; lastKnownFileType = "wrapper.plug-in"; path = ALBBQuPaiPlugin.bundle; sourceTree = "<group>"; };
		67AE62641C7AA46700AE3DC0 /* 3DTouchDemo.app */ = {isa = PBXFileReference; explicitFileType = wrapper.application; includeInIndex = 0; path = 3DTouchDemo.app; sourceTree = BUILT_PRODUCTS_DIR; };
		67AE62681C7AA46700AE3DC0 /* main.m */ = {isa = PBXFileReference; lastKnownFileType = sourcecode.c.objc; path = main.m; sourceTree = "<group>"; };
		67AE626A1C7AA46700AE3DC0 /* AppDelegate.h */ = {isa = PBXFileReference; lastKnownFileType = sourcecode.c.h; path = AppDelegate.h; sourceTree = "<group>"; };
		67AE626B1C7AA46700AE3DC0 /* AppDelegate.m */ = {isa = PBXFileReference; lastKnownFileType = sourcecode.c.objc; path = AppDelegate.m; sourceTree = "<group>"; };
		67AE626D1C7AA46700AE3DC0 /* RootViewController.h */ = {isa = PBXFileReference; lastKnownFileType = sourcecode.c.h; path = RootViewController.h; sourceTree = "<group>"; };
		67AE626E1C7AA46700AE3DC0 /* RootViewController.m */ = {isa = PBXFileReference; lastKnownFileType = sourcecode.c.objc; path = RootViewController.m; sourceTree = "<group>"; };
		67AE62711C7AA46700AE3DC0 /* Base */ = {isa = PBXFileReference; lastKnownFileType = file.storyboard; name = Base; path = Base.lproj/Main.storyboard; sourceTree = "<group>"; };
		67AE62731C7AA46700AE3DC0 /* Assets.xcassets */ = {isa = PBXFileReference; lastKnownFileType = folder.assetcatalog; path = Assets.xcassets; sourceTree = "<group>"; };
		67AE62761C7AA46700AE3DC0 /* Base */ = {isa = PBXFileReference; lastKnownFileType = file.storyboard; name = Base; path = Base.lproj/LaunchScreen.storyboard; sourceTree = "<group>"; };
		67AE62781C7AA46700AE3DC0 /* Info.plist */ = {isa = PBXFileReference; lastKnownFileType = text.plist.xml; path = Info.plist; sourceTree = "<group>"; };
		67AE627E1C7AA9E300AE3DC0 /* PreviewViewController.h */ = {isa = PBXFileReference; fileEncoding = 4; lastKnownFileType = sourcecode.c.h; path = PreviewViewController.h; sourceTree = "<group>"; };
		67AE627F1C7AA9E300AE3DC0 /* PreviewViewController.m */ = {isa = PBXFileReference; fileEncoding = 4; lastKnownFileType = sourcecode.c.objc; path = PreviewViewController.m; sourceTree = "<group>"; };
		67D0B0071CB3B1BF00C53CE7 /* PrefixHeader.pch */ = {isa = PBXFileReference; fileEncoding = 4; lastKnownFileType = sourcecode.c.h; path = PrefixHeader.pch; sourceTree = "<group>"; };
		67D0B0081CB3B49100C53CE7 /* WMConstants.h */ = {isa = PBXFileReference; fileEncoding = 4; lastKnownFileType = sourcecode.c.h; path = WMConstants.h; sourceTree = "<group>"; };
		67F540191CACC683006A6D06 /* UIViewController+WMBase.h */ = {isa = PBXFileReference; fileEncoding = 4; lastKnownFileType = sourcecode.c.h; path = "UIViewController+WMBase.h"; sourceTree = "<group>"; };
		67F5401A1CACC683006A6D06 /* UIViewController+WMBase.m */ = {isa = PBXFileReference; fileEncoding = 4; lastKnownFileType = sourcecode.c.objc; path = "UIViewController+WMBase.m"; sourceTree = "<group>"; };
		67F5401C1CACC88D006A6D06 /* LKGlobalNavigationController.h */ = {isa = PBXFileReference; fileEncoding = 4; lastKnownFileType = sourcecode.c.h; path = LKGlobalNavigationController.h; sourceTree = "<group>"; };
		67F5401D1CACC88D006A6D06 /* LKGlobalNavigationController.m */ = {isa = PBXFileReference; fileEncoding = 4; lastKnownFileType = sourcecode.c.objc; path = LKGlobalNavigationController.m; sourceTree = "<group>"; };
		67F5401F1CACC8C0006A6D06 /* LKSingleton.h */ = {isa = PBXFileReference; lastKnownFileType = sourcecode.c.h; path = LKSingleton.h; sourceTree = "<group>"; };
		DFDE85813EFDDAF423E46045 /* libPods-3DTouchDemo.a */ = {isa = PBXFileReference; explicitFileType = archive.ar; includeInIndex = 0; path = "libPods-3DTouchDemo.a"; sourceTree = BUILT_PRODUCTS_DIR; };
/* End PBXFileReference section */

/* Begin PBXFrameworksBuildPhase section */
		67AE62611C7AA46700AE3DC0 /* Frameworks */ = {
			isa = PBXFrameworksBuildPhase;
			buildActionMask = 2147483647;
			files = (
				67A943261CB637E200069165 /* ALBBSDK.framework in Frameworks */,
				672AC91C1CB6119900F090F6 /* UIKit.framework in Frameworks */,
				672AC9181CB6027400F090F6 /* AssetsLibrary.framework in Frameworks */,
				672AC9161CB6026B00F090F6 /* CoreGraphics.framework in Frameworks */,
				672AC9141CB6026400F090F6 /* CoreMotion.framework in Frameworks */,
				672AC9121CB6025C00F090F6 /* Photos.framework in Frameworks */,
				67A9432D1CB637E200069165 /* ZipArchive.framework in Frameworks */,
				672AC9101CB6024D00F090F6 /* CoreMedia.framework in Frameworks */,
				67A943301CB6384F00069165 /* ALBBQuPai.framework in Frameworks */,
				672AC90E1CB6024200F090F6 /* MobileCoreServices.framework in Frameworks */,
				672AC90C1CB6023700F090F6 /* AudioToolbox.framework in Frameworks */,
				67A943251CB637E200069165 /* ALBBFullSecurityGuard.framework in Frameworks */,
				672AC90A1CB6022E00F090F6 /* CoreVideo.framework in Frameworks */,
				672AC9081CB6022100F090F6 /* QuartzCore.framework in Frameworks */,
				672AC9061CB6021B00F090F6 /* OpenGLES.framework in Frameworks */,
				6745028E1CB5054000D986F0 /* AVFoundation.framework in Frameworks */,
				67A9432B1CB637E200069165 /* UTMini.framework in Frameworks */,
				6745028C1CB5053000D986F0 /* MediaPlayer.framework in Frameworks */,
				67A943291CB637E200069165 /* SGMain.framework in Frameworks */,
				67A9432A1CB637E200069165 /* UTDID.framework in Frameworks */,
				67A943281CB637E200069165 /* SecurityGuardSDK.framework in Frameworks */,
				7632384E8346B7BB11A20334 /* libPods-3DTouchDemo.a in Frameworks */,
			);
			runOnlyForDeploymentPostprocessing = 0;
		};
/* End PBXFrameworksBuildPhase section */

/* Begin PBXGroup section */
		2096533F0147FCB4E8A6764A /* Pods */ = {
			isa = PBXGroup;
			children = (
				0DFD56B10B27670D3231EF5D /* Pods-3DTouchDemo.debug.xcconfig */,
				1D82F27F0CFA44D55188AA04 /* Pods-3DTouchDemo.release.xcconfig */,
			);
			name = Pods;
			sourceTree = "<group>";
		};
		6714E2881CB79AE200BDD218 /* Resources */ = {
			isa = PBXGroup;
			children = (
				6714E2B61CB79C5600BDD218 /* music */,
				6714E2961CB79BC400BDD218 /* 1.mp4 */,
				6714E2971CB79BC400BDD218 /* 4_circle_on@2x.png */,
				6714E2981CB79BC400BDD218 /* 4_circle.png */,
				6714E2991CB79BC400BDD218 /* 4_circle@2x.png */,
				6714E29A1CB79BC400BDD218 /* Icon@2x.png */,
				6714E29B1CB79BC400BDD218 /* keep_logo.png */,
				6714E29C1CB79BC400BDD218 /* keep_logo@2x.png */,
				6714E29D1CB79BC400BDD218 /* keep_logo@3x.png */,
				6714E29E1CB79BC400BDD218 /* keep5.png */,
				6714E29F1CB79BC400BDD218 /* keep5@2x.png */,
				6714E2A01CB79BC400BDD218 /* keep6.png */,
				6714E2A11CB79BC400BDD218 /* keep6@2x.png */,
				6714E2A21CB79BC400BDD218 /* keep6plus@3x.png */,
				6714E2A31CB79BC400BDD218 /* keepkeep.png */,
				6714E2A41CB79BC400BDD218 /* keepkeep@2x.png */,
				6714E2A51CB79BC400BDD218 /* keepkeep@3x.png */,
				6714E28E1CB79B5B00BDD218 /* Icon@2x.png */,
				6714E28F1CB79B5B00BDD218 /* music1.json */,
				6714E2901CB79B5B00BDD218 /* music2.json */,
				6714E2911CB79B5B00BDD218 /* watermask.png */,
			);
			path = Resources;
			sourceTree = "<group>";
		};
		675DF5FD1CB63E7F00609FE8 /* Category */ = {
			isa = PBXGroup;
			children = (
				675DF5FE1CB63E7F00609FE8 /* UIView+Debug.h */,
				675DF5FF1CB63E7F00609FE8 /* UIView+Debug.m */,
			);
			path = Category;
			sourceTree = "<group>";
		};
		67A9431B1CB637E200069165 /* OneSDK */ = {
			isa = PBXGroup;
			children = (
				67A9432E1CB6384F00069165 /* ALBBQuPai.framework */,
				67A9432F1CB6384F00069165 /* ALBBQuPaiPlugin.bundle */,
				67A9431C1CB637E200069165 /* ALBBFullSecurityGuard.framework */,
				67A9431D1CB637E200069165 /* ALBBSDK.framework */,
				67A9431E1CB637E200069165 /* baichuan.bundle */,
				67A9431F1CB637E200069165 /* SecurityGuardSDK.framework */,
				67A943201CB637E200069165 /* SGMain.framework */,
				67A943211CB637E200069165 /* UTDID.framework */,
				67A943221CB637E200069165 /* UTMini.framework */,
				67A943231CB637E200069165 /* yw_1222.jpg */,
				67A943241CB637E200069165 /* ZipArchive.framework */,
			);
			path = OneSDK;
			sourceTree = "<group>";
		};
		67AE625B1C7AA46700AE3DC0 = {
			isa = PBXGroup;
			children = (
				67AE62661C7AA46700AE3DC0 /* 3DTouchDemo */,
				67AE62651C7AA46700AE3DC0 /* Products */,
				DD8737F28750726E41D20D46 /* Frameworks */,
				2096533F0147FCB4E8A6764A /* Pods */,
			);
			sourceTree = "<group>";
		};
		67AE62651C7AA46700AE3DC0 /* Products */ = {
			isa = PBXGroup;
			children = (
				67AE62641C7AA46700AE3DC0 /* 3DTouchDemo.app */,
			);
			name = Products;
			sourceTree = "<group>";
		};
		67AE62661C7AA46700AE3DC0 /* 3DTouchDemo */ = {
			isa = PBXGroup;
			children = (
				6714E2881CB79AE200BDD218 /* Resources */,
				675DF5FD1CB63E7F00609FE8 /* Category */,
				67A9431B1CB637E200069165 /* OneSDK */,
				67F540221CACD476006A6D06 /* View */,
				67F540211CACD457006A6D06 /* Controllers */,
				67F540201CACD43E006A6D06 /* Vendor */,
				67AE626A1C7AA46700AE3DC0 /* AppDelegate.h */,
				67AE626B1C7AA46700AE3DC0 /* AppDelegate.m */,
				67AE62701C7AA46700AE3DC0 /* Main.storyboard */,
				6745028F1CB51F5A00D986F0 /* Images.xcassets */,
				67AE62731C7AA46700AE3DC0 /* Assets.xcassets */,
				67AE62751C7AA46700AE3DC0 /* LaunchScreen.storyboard */,
				67AE62781C7AA46700AE3DC0 /* Info.plist */,
				67AE62671C7AA46700AE3DC0 /* Supporting Files */,
			);
			path = 3DTouchDemo;
			sourceTree = "<group>";
		};
		67AE62671C7AA46700AE3DC0 /* Supporting Files */ = {
			isa = PBXGroup;
			children = (
				67AE62681C7AA46700AE3DC0 /* main.m */,
			);
			name = "Supporting Files";
			sourceTree = "<group>";
		};
		67F540201CACD43E006A6D06 /* Vendor */ = {
			isa = PBXGroup;
			children = (
				67F540191CACC683006A6D06 /* UIViewController+WMBase.h */,
				67F5401A1CACC683006A6D06 /* UIViewController+WMBase.m */,
				678538611CABCA7900EF2350 /* YYFPSLabel.h */,
				678538621CABCA7900EF2350 /* YYFPSLabel.m */,
				67F5401F1CACC8C0006A6D06 /* LKSingleton.h */,
				67D0B0071CB3B1BF00C53CE7 /* PrefixHeader.pch */,
				67D0B0081CB3B49100C53CE7 /* WMConstants.h */,
			);
			name = Vendor;
			sourceTree = "<group>";
		};
		67F540211CACD457006A6D06 /* Controllers */ = {
			isa = PBXGroup;
			children = (
				674502881CB502FF00D986F0 /* LoginViewController.h */,
				674502891CB502FF00D986F0 /* LoginViewController.m */,
				67F5401C1CACC88D006A6D06 /* LKGlobalNavigationController.h */,
				67F5401D1CACC88D006A6D06 /* LKGlobalNavigationController.m */,
				67AE626D1C7AA46700AE3DC0 /* RootViewController.h */,
				67AE626E1C7AA46700AE3DC0 /* RootViewController.m */,
				67AE627E1C7AA9E300AE3DC0 /* PreviewViewController.h */,
				67AE627F1C7AA9E300AE3DC0 /* PreviewViewController.m */,
				6754DA701CA916180019EEC3 /* DetailViewController.h */,
				6754DA711CA916180019EEC3 /* DetailViewController.m */,
			);
			name = Controllers;
			sourceTree = "<group>";
		};
		67F540221CACD476006A6D06 /* View */ = {
			isa = PBXGroup;
			children = (
				672652491CABAD3400920345 /* TestTableViewCell.h */,
				6726524A1CABAD3400920345 /* TestTableViewCell.m */,
			);
			name = View;
			sourceTree = "<group>";
		};
		DD8737F28750726E41D20D46 /* Frameworks */ = {
			isa = PBXGroup;
			children = (
				672AC91D1CB611BF00F090F6 /* Security.framework */,
				672AC91B1CB6119900F090F6 /* UIKit.framework */,
				672AC9171CB6027400F090F6 /* AssetsLibrary.framework */,
				672AC9151CB6026B00F090F6 /* CoreGraphics.framework */,
				672AC9131CB6026400F090F6 /* CoreMotion.framework */,
				672AC9111CB6025C00F090F6 /* Photos.framework */,
				672AC90F1CB6024D00F090F6 /* CoreMedia.framework */,
				672AC90D1CB6024200F090F6 /* MobileCoreServices.framework */,
				672AC90B1CB6023700F090F6 /* AudioToolbox.framework */,
				672AC9091CB6022E00F090F6 /* CoreVideo.framework */,
				672AC9071CB6022100F090F6 /* QuartzCore.framework */,
				672AC9051CB6021B00F090F6 /* OpenGLES.framework */,
				6745028D1CB5054000D986F0 /* AVFoundation.framework */,
				6745028B1CB5053000D986F0 /* MediaPlayer.framework */,
				DFDE85813EFDDAF423E46045 /* libPods-3DTouchDemo.a */,
			);
			name = Frameworks;
			sourceTree = "<group>";
		};
/* End PBXGroup section */

/* Begin PBXNativeTarget section */
		67AE62631C7AA46700AE3DC0 /* 3DTouchDemo */ = {
			isa = PBXNativeTarget;
			buildConfigurationList = 67AE627B1C7AA46700AE3DC0 /* Build configuration list for PBXNativeTarget "3DTouchDemo" */;
			buildPhases = (
				B03E754BC6D184BFE2517347 /* 📦 Check Pods Manifest.lock */,
				67AE62601C7AA46700AE3DC0 /* Sources */,
				67AE62611C7AA46700AE3DC0 /* Frameworks */,
				67AE62621C7AA46700AE3DC0 /* Resources */,
				34AD7731C4AA9F395FF488B5 /* 📦 Embed Pods Frameworks */,
				DE109985957849A4D8D4DE6B /* 📦 Copy Pods Resources */,
			);
			buildRules = (
			);
			dependencies = (
			);
			name = 3DTouchDemo;
			productName = 3DTouchDemo;
			productReference = 67AE62641C7AA46700AE3DC0 /* 3DTouchDemo.app */;
			productType = "com.apple.product-type.application";
		};
/* End PBXNativeTarget section */

/* Begin PBXProject section */
		67AE625C1C7AA46700AE3DC0 /* Project object */ = {
			isa = PBXProject;
			attributes = {
				LastUpgradeCheck = 0720;
				ORGANIZATIONNAME = MaxWellPro;
				TargetAttributes = {
					67AE62631C7AA46700AE3DC0 = {
						CreatedOnToolsVersion = 7.2.1;
					};
				};
			};
			buildConfigurationList = 67AE625F1C7AA46700AE3DC0 /* Build configuration list for PBXProject "3DTouchDemo" */;
			compatibilityVersion = "Xcode 3.2";
			developmentRegion = English;
			hasScannedForEncodings = 0;
			knownRegions = (
				en,
				Base,
			);
			mainGroup = 67AE625B1C7AA46700AE3DC0;
			productRefGroup = 67AE62651C7AA46700AE3DC0 /* Products */;
			projectDirPath = "";
			projectRoot = "";
			targets = (
				67AE62631C7AA46700AE3DC0 /* 3DTouchDemo */,
			);
		};
/* End PBXProject section */

/* Begin PBXResourcesBuildPhase section */
		67AE62621C7AA46700AE3DC0 /* Resources */ = {
			isa = PBXResourcesBuildPhase;
			buildActionMask = 2147483647;
			files = (
				6714E2A81CB79BC400BDD218 /* 4_circle.png in Resources */,
				6714E2A91CB79BC400BDD218 /* 4_circle@2x.png in Resources */,
				67A9432C1CB637E200069165 /* yw_1222.jpg in Resources */,
				6714E2B01CB79BC400BDD218 /* keep6.png in Resources */,
				6714E2931CB79B5B00BDD218 /* music1.json in Resources */,
				6714E2A61CB79BC400BDD218 /* 1.mp4 in Resources */,
				6714E2AB1CB79BC400BDD218 /* keep_logo.png in Resources */,
				6714E2941CB79B5B00BDD218 /* music2.json in Resources */,
				6714E2B41CB79BC400BDD218 /* keepkeep@2x.png in Resources */,
				6714E2A71CB79BC400BDD218 /* 4_circle_on@2x.png in Resources */,
				6714E2921CB79B5B00BDD218 /* Icon@2x.png in Resources */,
				67AE62771C7AA46700AE3DC0 /* LaunchScreen.storyboard in Resources */,
				6714E2B31CB79BC400BDD218 /* keepkeep.png in Resources */,
				67AE62741C7AA46700AE3DC0 /* Assets.xcassets in Resources */,
				6714E2B11CB79BC400BDD218 /* keep6@2x.png in Resources */,
				6714E2AD1CB79BC400BDD218 /* keep_logo@3x.png in Resources */,
				67AE62721C7AA46700AE3DC0 /* Main.storyboard in Resources */,
				6714E2AF1CB79BC400BDD218 /* keep5@2x.png in Resources */,
				6714E2AE1CB79BC400BDD218 /* keep5.png in Resources */,
				6714E2AC1CB79BC400BDD218 /* keep_logo@2x.png in Resources */,
				6714E2951CB79B5B00BDD218 /* watermask.png in Resources */,
				6714E2B21CB79BC400BDD218 /* keep6plus@3x.png in Resources */,
				674502901CB51F5A00D986F0 /* Images.xcassets in Resources */,
				6714E2B51CB79BC400BDD218 /* keepkeep@3x.png in Resources */,
				6714E2AA1CB79BC400BDD218 /* Icon@2x.png in Resources */,
				67A943271CB637E200069165 /* baichuan.bundle in Resources */,
				6714E2B71CB79C5600BDD218 /* music in Resources */,
				67A943311CB6384F00069165 /* ALBBQuPaiPlugin.bundle in Resources */,
			);
			runOnlyForDeploymentPostprocessing = 0;
		};
/* End PBXResourcesBuildPhase section */

/* Begin PBXShellScriptBuildPhase section */
		34AD7731C4AA9F395FF488B5 /* 📦 Embed Pods Frameworks */ = {
			isa = PBXShellScriptBuildPhase;
			buildActionMask = 2147483647;
			files = (
			);
			inputPaths = (
			);
			name = "📦 Embed Pods Frameworks";
			outputPaths = (
			);
			runOnlyForDeploymentPostprocessing = 0;
			shellPath = /bin/sh;
			shellScript = "\"${SRCROOT}/Pods/Target Support Files/Pods-3DTouchDemo/Pods-3DTouchDemo-frameworks.sh\"\n";
			showEnvVarsInLog = 0;
		};
		B03E754BC6D184BFE2517347 /* 📦 Check Pods Manifest.lock */ = {
			isa = PBXShellScriptBuildPhase;
			buildActionMask = 2147483647;
			files = (
			);
			inputPaths = (
			);
			name = "📦 Check Pods Manifest.lock";
			outputPaths = (
			);
			runOnlyForDeploymentPostprocessing = 0;
			shellPath = /bin/sh;
			shellScript = "diff \"${PODS_ROOT}/../Podfile.lock\" \"${PODS_ROOT}/Manifest.lock\" > /dev/null\nif [[ $? != 0 ]] ; then\n    cat << EOM\nerror: The sandbox is not in sync with the Podfile.lock. Run 'pod install' or update your CocoaPods installation.\nEOM\n    exit 1\nfi\n";
			showEnvVarsInLog = 0;
		};
		DE109985957849A4D8D4DE6B /* 📦 Copy Pods Resources */ = {
			isa = PBXShellScriptBuildPhase;
			buildActionMask = 2147483647;
			files = (
			);
			inputPaths = (
			);
			name = "📦 Copy Pods Resources";
			outputPaths = (
			);
			runOnlyForDeploymentPostprocessing = 0;
			shellPath = /bin/sh;
			shellScript = "\"${SRCROOT}/Pods/Target Support Files/Pods-3DTouchDemo/Pods-3DTouchDemo-resources.sh\"\n";
			showEnvVarsInLog = 0;
		};
/* End PBXShellScriptBuildPhase section */

/* Begin PBXSourcesBuildPhase section */
		67AE62601C7AA46700AE3DC0 /* Sources */ = {
			isa = PBXSourcesBuildPhase;
			buildActionMask = 2147483647;
			files = (
				678538631CABCA7900EF2350 /* YYFPSLabel.m in Sources */,
				67F5401E1CACC88D006A6D06 /* LKGlobalNavigationController.m in Sources */,
				6754DA721CA916180019EEC3 /* DetailViewController.m in Sources */,
				6726524B1CABAD3400920345 /* TestTableViewCell.m in Sources */,
				6745028A1CB502FF00D986F0 /* LoginViewController.m in Sources */,
				67F5401B1CACC683006A6D06 /* UIViewController+WMBase.m in Sources */,
				67AE626F1C7AA46700AE3DC0 /* RootViewController.m in Sources */,
				675DF6001CB63E7F00609FE8 /* UIView+Debug.m in Sources */,
				67AE626C1C7AA46700AE3DC0 /* AppDelegate.m in Sources */,
				67AE62691C7AA46700AE3DC0 /* main.m in Sources */,
				67AE62801C7AA9E300AE3DC0 /* PreviewViewController.m in Sources */,
			);
			runOnlyForDeploymentPostprocessing = 0;
		};
/* End PBXSourcesBuildPhase section */

/* Begin PBXVariantGroup section */
		67AE62701C7AA46700AE3DC0 /* Main.storyboard */ = {
			isa = PBXVariantGroup;
			children = (
				67AE62711C7AA46700AE3DC0 /* Base */,
			);
			name = Main.storyboard;
			sourceTree = "<group>";
		};
		67AE62751C7AA46700AE3DC0 /* LaunchScreen.storyboard */ = {
			isa = PBXVariantGroup;
			children = (
				67AE62761C7AA46700AE3DC0 /* Base */,
			);
			name = LaunchScreen.storyboard;
			sourceTree = "<group>";
		};
/* End PBXVariantGroup section */

/* Begin XCBuildConfiguration section */
		67AE62791C7AA46700AE3DC0 /* Debug */ = {
			isa = XCBuildConfiguration;
			buildSettings = {
				ALWAYS_SEARCH_USER_PATHS = NO;
				CLANG_CXX_LANGUAGE_STANDARD = "gnu++0x";
				CLANG_CXX_LIBRARY = "libc++";
				CLANG_ENABLE_MODULES = YES;
				CLANG_ENABLE_OBJC_ARC = YES;
				CLANG_WARN_BOOL_CONVERSION = YES;
				CLANG_WARN_CONSTANT_CONVERSION = YES;
				CLANG_WARN_DIRECT_OBJC_ISA_USAGE = YES_ERROR;
				CLANG_WARN_EMPTY_BODY = YES;
				CLANG_WARN_ENUM_CONVERSION = YES;
				CLANG_WARN_INT_CONVERSION = YES;
				CLANG_WARN_OBJC_ROOT_CLASS = YES_ERROR;
				CLANG_WARN_UNREACHABLE_CODE = YES;
				CLANG_WARN__DUPLICATE_METHOD_MATCH = YES;
				"CODE_SIGN_IDENTITY[sdk=iphoneos*]" = "iPhone Developer";
				COPY_PHASE_STRIP = NO;
				DEBUG_INFORMATION_FORMAT = dwarf;
				ENABLE_STRICT_OBJC_MSGSEND = YES;
				ENABLE_TESTABILITY = YES;
				GCC_C_LANGUAGE_STANDARD = gnu99;
				GCC_DYNAMIC_NO_PIC = NO;
				GCC_NO_COMMON_BLOCKS = YES;
				GCC_OPTIMIZATION_LEVEL = 0;
				GCC_PREPROCESSOR_DEFINITIONS = (
					"DEBUG=1",
					"$(inherited)",
				);
				GCC_WARN_64_TO_32_BIT_CONVERSION = YES;
				GCC_WARN_ABOUT_RETURN_TYPE = YES_ERROR;
				GCC_WARN_UNDECLARED_SELECTOR = YES;
				GCC_WARN_UNINITIALIZED_AUTOS = YES_AGGRESSIVE;
				GCC_WARN_UNUSED_FUNCTION = YES;
				GCC_WARN_UNUSED_VARIABLE = YES;
				IPHONEOS_DEPLOYMENT_TARGET = 9.2;
				MTL_ENABLE_DEBUG_INFO = YES;
				ONLY_ACTIVE_ARCH = YES;
				SDKROOT = iphoneos;
			};
			name = Debug;
		};
		67AE627A1C7AA46700AE3DC0 /* Release */ = {
			isa = XCBuildConfiguration;
			buildSettings = {
				ALWAYS_SEARCH_USER_PATHS = NO;
				CLANG_CXX_LANGUAGE_STANDARD = "gnu++0x";
				CLANG_CXX_LIBRARY = "libc++";
				CLANG_ENABLE_MODULES = YES;
				CLANG_ENABLE_OBJC_ARC = YES;
				CLANG_WARN_BOOL_CONVERSION = YES;
				CLANG_WARN_CONSTANT_CONVERSION = YES;
				CLANG_WARN_DIRECT_OBJC_ISA_USAGE = YES_ERROR;
				CLANG_WARN_EMPTY_BODY = YES;
				CLANG_WARN_ENUM_CONVERSION = YES;
				CLANG_WARN_INT_CONVERSION = YES;
				CLANG_WARN_OBJC_ROOT_CLASS = YES_ERROR;
				CLANG_WARN_UNREACHABLE_CODE = YES;
				CLANG_WARN__DUPLICATE_METHOD_MATCH = YES;
				"CODE_SIGN_IDENTITY[sdk=iphoneos*]" = "iPhone Developer";
				COPY_PHASE_STRIP = NO;
				DEBUG_INFORMATION_FORMAT = "dwarf-with-dsym";
				ENABLE_NS_ASSERTIONS = NO;
				ENABLE_STRICT_OBJC_MSGSEND = YES;
				GCC_C_LANGUAGE_STANDARD = gnu99;
				GCC_NO_COMMON_BLOCKS = YES;
				GCC_WARN_64_TO_32_BIT_CONVERSION = YES;
				GCC_WARN_ABOUT_RETURN_TYPE = YES_ERROR;
				GCC_WARN_UNDECLARED_SELECTOR = YES;
				GCC_WARN_UNINITIALIZED_AUTOS = YES_AGGRESSIVE;
				GCC_WARN_UNUSED_FUNCTION = YES;
				GCC_WARN_UNUSED_VARIABLE = YES;
				IPHONEOS_DEPLOYMENT_TARGET = 9.2;
				MTL_ENABLE_DEBUG_INFO = NO;
				SDKROOT = iphoneos;
				VALIDATE_PRODUCT = YES;
			};
			name = Release;
		};
		67AE627C1C7AA46700AE3DC0 /* Debug */ = {
			isa = XCBuildConfiguration;
			baseConfigurationReference = 0DFD56B10B27670D3231EF5D /* Pods-3DTouchDemo.debug.xcconfig */;
			buildSettings = {
				ASSETCATALOG_COMPILER_APPICON_NAME = AppIcon;
				ASSETCATALOG_COMPILER_LAUNCHIMAGE_NAME = "Brand Assets";
				"CODE_SIGN_IDENTITY[sdk=iphoneos*]" = "";
				ENABLE_BITCODE = NO;
				FRAMEWORK_SEARCH_PATHS = (
					"$(inherited)",
					"$(PROJECT_DIR)/3DTouchDemo/Framework",
					"$(PROJECT_DIR)/3DTouchDemo/OneSDK",
				);
				GCC_INCREASE_PRECOMPILED_HEADER_SHARING = NO;
				GCC_PRECOMPILE_PREFIX_HEADER = YES;
				GCC_PREFIX_HEADER = "$(SRCROOT)/3DTouchDemo/PrefixHeader.pch";
				INFOPLIST_FILE = 3DTouchDemo/Info.plist;
				IPHONEOS_DEPLOYMENT_TARGET = 8.0;
				LD_RUNPATH_SEARCH_PATHS = "$(inherited) @executable_path/Frameworks";
				OTHER_LDFLAGS = (
					"$(inherited)",
					"-ObjC",
					"-l\"MMPlaceHolder\"",
					"-l\"Masonry\"",
					"-l\"UITableView+FDTemplateLayoutCell\"",
					"-l\"YYKit\"",
					"-l\"sqlite3\"",
					"-l\"z\"",
					"-framework",
					"\"Accelerate\"",
					"-framework",
					"\"AssetsLibrary\"",
					"-framework",
					"\"CoreFoundation\"",
					"-framework",
					"\"CoreGraphics\"",
					"-framework",
					"\"CoreImage\"",
					"-framework",
					"\"CoreText\"",
					"-framework",
					"\"Foundation\"",
					"-framework",
					"\"ImageIO\"",
					"-framework",
					"\"MobileCoreServices\"",
					"-framework",
					"\"QuartzCore\"",
					"-framework",
					"\"SystemConfiguration\"",
					"-framework",
					"\"UIKit\"",
					"-framework",
					"\"WebP\"",
					"-lz",
				);
				PRODUCT_BUNDLE_IDENTIFIER = "com.lark.-DTouchDemo";
				PRODUCT_NAME = "$(TARGET_NAME)";
				PROVISIONING_PROFILE = "5d1bbd36-42d9-4511-bfdc-b3b7612fd9f7";
			};
			name = Debug;
		};
		67AE627D1C7AA46700AE3DC0 /* Release */ = {
			isa = XCBuildConfiguration;
			baseConfigurationReference = 1D82F27F0CFA44D55188AA04 /* Pods-3DTouchDemo.release.xcconfig */;
			buildSettings = {
				ASSETCATALOG_COMPILER_APPICON_NAME = AppIcon;
				ASSETCATALOG_COMPILER_LAUNCHIMAGE_NAME = "Brand Assets";
				CODE_SIGN_IDENTITY = "";
				ENABLE_BITCODE = NO;
				FRAMEWORK_SEARCH_PATHS = (
					"$(inherited)",
					"$(PROJECT_DIR)/3DTouchDemo/Framework",
					"$(PROJECT_DIR)/3DTouchDemo/OneSDK",
				);
				GCC_INCREASE_PRECOMPILED_HEADER_SHARING = NO;
				GCC_PRECOMPILE_PREFIX_HEADER = YES;
				GCC_PREFIX_HEADER = "$(SRCROOT)/3DTouchDemo/PrefixHeader.pch";
				INFOPLIST_FILE = 3DTouchDemo/Info.plist;
				IPHONEOS_DEPLOYMENT_TARGET = 8.0;
				LD_RUNPATH_SEARCH_PATHS = "$(inherited) @executable_path/Frameworks";
				OTHER_LDFLAGS = (
					"$(inherited)",
					"-ObjC",
					"-l\"MMPlaceHolder\"",
					"-l\"Masonry\"",
					"-l\"UITableView+FDTemplateLayoutCell\"",
					"-l\"YYKit\"",
					"-l\"sqlite3\"",
					"-l\"z\"",
					"-framework",
					"\"Accelerate\"",
					"-framework",
					"\"AssetsLibrary\"",
					"-framework",
					"\"CoreFoundation\"",
					"-framework",
					"\"CoreGraphics\"",
					"-framework",
					"\"CoreImage\"",
					"-framework",
					"\"CoreText\"",
					"-framework",
					"\"Foundation\"",
					"-framework",
					"\"ImageIO\"",
					"-framework",
					"\"MobileCoreServices\"",
					"-framework",
					"\"QuartzCore\"",
					"-framework",
					"\"SystemConfiguration\"",
					"-framework",
					"\"UIKit\"",
					"-framework",
					"\"WebP\"",
					"-lz",
				);
				PRODUCT_BUNDLE_IDENTIFIER = "com.lark.-DTouchDemo";
				PRODUCT_NAME = "$(TARGET_NAME)";
				PROVISIONING_PROFILE = "5d1bbd36-42d9-4511-bfdc-b3b7612fd9f7";
			};
			name = Release;
		};
/* End XCBuildConfiguration section */

/* Begin XCConfigurationList section */
		67AE625F1C7AA46700AE3DC0 /* Build configuration list for PBXProject "3DTouchDemo" */ = {
			isa = XCConfigurationList;
			buildConfigurations = (
				67AE62791C7AA46700AE3DC0 /* Debug */,
				67AE627A1C7AA46700AE3DC0 /* Release */,
			);
			defaultConfigurationIsVisible = 0;
			defaultConfigurationName = Release;
		};
		67AE627B1C7AA46700AE3DC0 /* Build configuration list for PBXNativeTarget "3DTouchDemo" */ = {
			isa = XCConfigurationList;
			buildConfigurations = (
				67AE627C1C7AA46700AE3DC0 /* Debug */,
				67AE627D1C7AA46700AE3DC0 /* Release */,
			);
			defaultConfigurationIsVisible = 0;
			defaultConfigurationName = Release;
		};
/* End XCConfigurationList section */
	};
	rootObject = 67AE625C1C7AA46700AE3DC0 /* Project object */;
}
